
Microsoft Visual Studio Solution File, Format Version 12.00
# Visual Studio Version 17
VisualStudioVersion = 17.0.31903.59
MinimumVisualStudioVersion = 10.0.40219.1
Project("{2150E333-8FDC-42A3-9474-1A3956D46DE8}") = "src", "src", "{F315DD53-44C9-484D-A070-B35A7EFBA22D}"
EndProject
Project("{FAE04EC0-301F-11D3-BF4B-00C04F79EFBC}") = "MiniApiConsole", "src\MiniApiConsole\MiniApiConsole.csproj", "{7530A542-1EC3-40DE-B167-E87506F2B624}"
EndProject
Project("{2150E333-8FDC-42A3-9474-1A3956D46DE8}") = "tests", "tests", "{5CA21CEE-9329-4BC8-946E-D21F08B96961}"
EndProject
Project("{FAE04EC0-301F-11D3-BF4B-00C04F79EFBC}") = "MiniApiConsole.Tests", "tests\MiniApiConsole.Tests\MiniApiConsole.Tests.csproj", "{AFC99CEC-DC25-4974-A1E6-02DAB8DC4446}"
EndProject
Global
	GlobalSection(SolutionConfigurationPlatforms) = preSolution
		Debug|Any CPU = Debug|Any CPU
		Release|Any CPU = Release|Any CPU
	EndGlobalSection
	GlobalSection(SolutionProperties) = preSolution
		HideSolutionNode = FALSE
	EndGlobalSection
	GlobalSection(ProjectConfigurationPlatforms) = postSolution
		{7530A542-1EC3-40DE-B167-E87506F2B624}.Debug|Any CPU.ActiveCfg = Debug|Any CPU
		{7530A542-1EC3-40DE-B167-E87506F2B624}.Debug|Any CPU.Build.0 = Debug|Any CPU
		{7530A542-1EC3-40DE-B167-E87506F2B624}.Release|Any CPU.ActiveCfg = Release|Any CPU
		{7530A542-1EC3-40DE-B167-E87506F2B624}.Release|Any CPU.Build.0 = Release|Any CPU
		{AFC99CEC-DC25-4974-A1E6-02DAB8DC4446}.Debug|Any CPU.ActiveCfg = Debug|Any CPU
		{AFC99CEC-DC25-4974-A1E6-02DAB8DC4446}.Debug|Any CPU.Build.0 = Debug|Any CPU
		{AFC99CEC-DC25-4974-A1E6-02DAB8DC4446}.Release|Any CPU.ActiveCfg = Release|Any CPU
		{AFC99CEC-DC25-4974-A1E6-02DAB8DC4446}.Release|Any CPU.Build.0 = Release|Any CPU
	EndGlobalSection
	GlobalSection(NestedProjects) = preSolution
		{7530A542-1EC3-40DE-B167-E87506F2B624} = {F315DD53-44C9-484D-A070-B35A7EFBA22D}
		{AFC99CEC-DC25-4974-A1E6-02DAB8DC4446} = {5CA21CEE-9329-4BC8-946E-D21F08B96961}
	EndGlobalSection
EndGlobal
